
Microsoft Visual Studio Solution File, Format Version 12.00
# Visual Studio Version 16
VisualStudioVersion = 16.0.29728.190
MinimumVisualStudioVersion = 10.0.40219.1
Project("{FAE04EC0-301F-11D3-BF4B-00C04F79EFBC}") = "P01_StudentSystem", "P01_StudentSystem\P01_StudentSystem.csproj", "{3B50952E-9924-4CD4-B34C-6B14BE85EBD7}"
EndProject
Project("{FAE04EC0-301F-11D3-BF4B-00C04F79EFBC}") = "P03_FootballBetting", "P03_FootballBetting\P03_FootballBetting.csproj", "{95282B16-C9EA-46C0-AA4B-2997844596DF}"
EndProject
Global
	GlobalSection(SolutionConfigurationPlatforms) = preSolution
		Debug|Any CPU = Debug|Any CPU
		Release|Any CPU = Release|Any CPU
	EndGlobalSection
	GlobalSection(ProjectConfigurationPlatforms) = postSolution
		{3B50952E-9924-4CD4-B34C-6B14BE85EBD7}.Debug|Any CPU.ActiveCfg = Debug|Any CPU
		{3B50952E-9924-4CD4-B34C-6B14BE85EBD7}.Debug|Any CPU.Build.0 = Debug|Any CPU
		{3B50952E-9924-4CD4-B34C-6B14BE85EBD7}.Release|Any CPU.ActiveCfg = Release|Any CPU
		{3B50952E-9924-4CD4-B34C-6B14BE85EBD7}.Release|Any CPU.Build.0 = Release|Any CPU
		{95282B16-C9EA-46C0-AA4B-2997844596DF}.Debug|Any CPU.ActiveCfg = Debug|Any CPU
		{95282B16-C9EA-46C0-AA4B-2997844596DF}.Debug|Any CPU.Build.0 = Debug|Any CPU
		{95282B16-C9EA-46C0-AA4B-2997844596DF}.Release|Any CPU.ActiveCfg = Release|Any CPU
		{95282B16-C9EA-46C0-AA4B-2997844596DF}.Release|Any CPU.Build.0 = Release|Any CPU
	EndGlobalSection
	GlobalSection(SolutionProperties) = preSolution
		HideSolutionNode = FALSE
	EndGlobalSection
	GlobalSection(ExtensibilityGlobals) = postSolution
		SolutionGuid = {1A0B999B-3018-4CB5-94CF-D27EEE2229FD}
	EndGlobalSection
EndGlobal
